
Microsoft Visual Studio Solution File, Format Version 12.00
# Visual Studio 2012
Project("{FAE04EC0-301F-11D3-BF4B-00C04F79EFBC}") = "OxSkeiner", "OxSkeiner\OxSkeiner.csproj", "{2F9E3A1C-BFC9-4DE2-B4C0-26BB7401108C}"
EndProject
Global
	GlobalSection(SolutionConfigurationPlatforms) = preSolution
		Debug|Any CPU = Debug|Any CPU
		Release|Any CPU = Release|Any CPU
	EndGlobalSection
	GlobalSection(ProjectConfigurationPlatforms) = postSolution
		{2F9E3A1C-BFC9-4DE2-B4C0-26BB7401108C}.Debug|Any CPU.ActiveCfg = Release|Any CPU
		{2F9E3A1C-BFC9-4DE2-B4C0-26BB7401108C}.Debug|Any CPU.Build.0 = Release|Any CPU
		{2F9E3A1C-BFC9-4DE2-B4C0-26BB7401108C}.Release|Any CPU.ActiveCfg = Release|Any CPU
		{2F9E3A1C-BFC9-4DE2-B4C0-26BB7401108C}.Release|Any CPU.Build.0 = Release|Any CPU
	EndGlobalSection
	GlobalSection(SolutionProperties) = preSolution
		HideSolutionNode = FALSE
	EndGlobalSection
EndGlobal
